
Microsoft Visual Studio Solution File, Format Version 12.00
# 17
VisualStudioVersion = 17.3.32929.385
MinimumVisualStudioVersion = 10.0.40219.1
Project("{2150E333-8FDC-42A3-9474-1A3956D46DE8}") = "_SolutionItems", "_SolutionItems", "{50DD472E-AD00-45C5-A2F7-4CB77CB8CD67}"
	ProjectSection(SolutionItems) = preProject
		.editorconfig = .editorconfig
		.gitignore = .gitignore
		Directory.Build.props = Directory.Build.props
		Directory.Build.targets = Directory.Build.targets
		global.json = global.json
		LICENSE = LICENSE
		README.md = README.md
	EndProjectSection
EndProject
Project("{2150E333-8FDC-42A3-9474-1A3956D46DE8}") = "Tests", "Tests", "{CB701FA8-9663-444D-9610-1A8CDFF30E61}"
	ProjectSection(SolutionItems) = preProject
		tests\Directory.Build.props = tests\Directory.Build.props
	EndProjectSection
EndProject
Project("{9A19103F-16F7-4668-BE54-9A1E7A4F7556}") = "Shmuelie.WinRTServer", "src\Shmuelie.WinRTServer\Shmuelie.WinRTServer.csproj", "{F09FEFE0-ED5E-4A17-9C54-DB6C1CD559E9}"
EndProject
Project("{2150E333-8FDC-42A3-9474-1A3956D46DE8}") = "Src", "Src", "{E1670C4F-46C0-45BE-A351-E504DCB17A45}"
EndProject
Project("{9A19103F-16F7-4668-BE54-9A1E7A4F7556}") = "Shmuelie.WinRTServer.Sample.Interfaces", "tests\Shmuelie.WinRTServer.Sample.Interfaces\Shmuelie.WinRTServer.Sample.Interfaces.csproj", "{7E420EEB-3D6C-49FB-9E60-AE448BAC8B1F}"
EndProject
Project("{8BC9CEB8-8B4A-11D0-8D11-00A0C91BC942}") = "Shmuelie.WinRTServer.Sample.Metadata", "tests\Shmuelie.WinRTServer.Sample.Metadata\Shmuelie.WinRTServer.Sample.Metadata.vcxproj", "{AEAC1534-6CA9-4A7E-9F24-E1F72D261AE4}"
	ProjectSection(ProjectDependencies) = postProject
		{7E420EEB-3D6C-49FB-9E60-AE448BAC8B1F} = {7E420EEB-3D6C-49FB-9E60-AE448BAC8B1F}
	EndProjectSection
EndProject
Project("{FAE04EC0-301F-11D3-BF4B-00C04F79EFBC}") = "Shmuelie.WinRTServer.Sample.UwpClient", "tests\Shmuelie.WinRTServer.Sample.UwpClient\Shmuelie.WinRTServer.Sample.UwpClient.csproj", "{1C27B092-88C3-4631-848B-F7165F8CF5E9}"
	ProjectSection(ProjectDependencies) = postProject
		{AEAC1534-6CA9-4A7E-9F24-E1F72D261AE4} = {AEAC1534-6CA9-4A7E-9F24-E1F72D261AE4}
	EndProjectSection
EndProject
Project("{C7167F0D-BC9F-4E6E-AFE1-012C56B48DB5}") = "Shmuelie.WinRTServer.Sample.Package", "tests\Shmuelie.WinRTServer.Sample.Package\Shmuelie.WinRTServer.Sample.Package.wapproj", "{080D9051-AF78-4B2A-B5CC-9F5BA79A0A9B}"
EndProject
Project("{9A19103F-16F7-4668-BE54-9A1E7A4F7556}") = "Shmuelie.WinRTServer.Sample.WpfNetFxClient", "tests\Shmuelie.WinRTServer.Sample.WpfNetFxClient\Shmuelie.WinRTServer.Sample.WpfNetFxClient.csproj", "{6B799403-7548-4FD8-9AF8-76BD13473029}"
EndProject
Project("{8BC9CEB8-8B4A-11D0-8D11-00A0C91BC942}") = "Shmuelie.WinRTServer.Sample.CppConsoleClient", "tests\Shmuelie.WinRTServer.Sample.CppConsoleClient\Shmuelie.WinRTServer.Sample.CppConsoleClient.vcxproj", "{A78E8601-3191-4987-B61A-E48256869A39}"
EndProject
Project("{9A19103F-16F7-4668-BE54-9A1E7A4F7556}") = "Shmuelie.WinRTServer.Sample.WpfNet6Client", "tests\Shmuelie.WinRTServer.Sample.WpfNet6Client\Shmuelie.WinRTServer.Sample.WpfNet6Client.csproj", "{8FFAA094-2D9C-49B5-BB36-4B2BB7512444}"
EndProject
Project("{9A19103F-16F7-4668-BE54-9A1E7A4F7556}") = "Shmuelie.WinRTServer.Sample.ServerNet6", "tests\Shmuelie.WinRTServer.Sample.ServerNet6\Shmuelie.WinRTServer.Sample.ServerNet6.csproj", "{F37FE3DF-B23B-44C7-A3C1-1E4F20885DB3}"
EndProject
Global
	GlobalSection(SolutionConfigurationPlatforms) = preSolution
		Debug|x64 = Debug|x64
		Debug|x86 = Debug|x86
		Release|x64 = Release|x64
		Release|x86 = Release|x86
	EndGlobalSection
	GlobalSection(ProjectConfigurationPlatforms) = postSolution
		{F09FEFE0-ED5E-4A17-9C54-DB6C1CD559E9}.Debug|x64.ActiveCfg = Debug|Any CPU
		{F09FEFE0-ED5E-4A17-9C54-DB6C1CD559E9}.Debug|x64.Build.0 = Debug|Any CPU
		{F09FEFE0-ED5E-4A17-9C54-DB6C1CD559E9}.Debug|x86.ActiveCfg = Debug|Any CPU
		{F09FEFE0-ED5E-4A17-9C54-DB6C1CD559E9}.Debug|x86.Build.0 = Debug|Any CPU
		{F09FEFE0-ED5E-4A17-9C54-DB6C1CD559E9}.Release|x64.ActiveCfg = Release|Any CPU
		{F09FEFE0-ED5E-4A17-9C54-DB6C1CD559E9}.Release|x64.Build.0 = Release|Any CPU
		{F09FEFE0-ED5E-4A17-9C54-DB6C1CD559E9}.Release|x86.ActiveCfg = Release|Any CPU
		{F09FEFE0-ED5E-4A17-9C54-DB6C1CD559E9}.Release|x86.Build.0 = Release|Any CPU
		{7E420EEB-3D6C-49FB-9E60-AE448BAC8B1F}.Debug|x64.ActiveCfg = Debug|x64
		{7E420EEB-3D6C-49FB-9E60-AE448BAC8B1F}.Debug|x64.Build.0 = Debug|x64
		{7E420EEB-3D6C-49FB-9E60-AE448BAC8B1F}.Debug|x86.ActiveCfg = Debug|x86
		{7E420EEB-3D6C-49FB-9E60-AE448BAC8B1F}.Debug|x86.Build.0 = Debug|x86
		{7E420EEB-3D6C-49FB-9E60-AE448BAC8B1F}.Release|x64.ActiveCfg = Release|x64
		{7E420EEB-3D6C-49FB-9E60-AE448BAC8B1F}.Release|x64.Build.0 = Release|x64
		{7E420EEB-3D6C-49FB-9E60-AE448BAC8B1F}.Release|x86.ActiveCfg = Release|x86
		{7E420EEB-3D6C-49FB-9E60-AE448BAC8B1F}.Release|x86.Build.0 = Release|x86
		{AEAC1534-6CA9-4A7E-9F24-E1F72D261AE4}.Debug|x64.ActiveCfg = Debug|x64
		{AEAC1534-6CA9-4A7E-9F24-E1F72D261AE4}.Debug|x64.Build.0 = Debug|x64
		{AEAC1534-6CA9-4A7E-9F24-E1F72D261AE4}.Debug|x86.ActiveCfg = Debug|Win32
		{AEAC1534-6CA9-4A7E-9F24-E1F72D261AE4}.Debug|x86.Build.0 = Debug|Win32
		{AEAC1534-6CA9-4A7E-9F24-E1F72D261AE4}.Release|x64.ActiveCfg = Release|x64
		{AEAC1534-6CA9-4A7E-9F24-E1F72D261AE4}.Release|x64.Build.0 = Release|x64
		{AEAC1534-6CA9-4A7E-9F24-E1F72D261AE4}.Release|x86.ActiveCfg = Release|Win32
		{AEAC1534-6CA9-4A7E-9F24-E1F72D261AE4}.Release|x86.Build.0 = Release|Win32
		{1C27B092-88C3-4631-848B-F7165F8CF5E9}.Debug|x64.ActiveCfg = Debug|x64
		{1C27B092-88C3-4631-848B-F7165F8CF5E9}.Debug|x64.Build.0 = Debug|x64
		{1C27B092-88C3-4631-848B-F7165F8CF5E9}.Debug|x64.Deploy.0 = Debug|x64
		{1C27B092-88C3-4631-848B-F7165F8CF5E9}.Debug|x86.ActiveCfg = Debug|x86
		{1C27B092-88C3-4631-848B-F7165F8CF5E9}.Debug|x86.Build.0 = Debug|x86
		{1C27B092-88C3-4631-848B-F7165F8CF5E9}.Debug|x86.Deploy.0 = Debug|x86
		{1C27B092-88C3-4631-848B-F7165F8CF5E9}.Release|x64.ActiveCfg = Release|x64
		{1C27B092-88C3-4631-848B-F7165F8CF5E9}.Release|x64.Build.0 = Release|x64
		{1C27B092-88C3-4631-848B-F7165F8CF5E9}.Release|x64.Deploy.0 = Release|x64
		{1C27B092-88C3-4631-848B-F7165F8CF5E9}.Release|x86.ActiveCfg = Release|x86
		{1C27B092-88C3-4631-848B-F7165F8CF5E9}.Release|x86.Build.0 = Release|x86
		{1C27B092-88C3-4631-848B-F7165F8CF5E9}.Release|x86.Deploy.0 = Release|x86
		{080D9051-AF78-4B2A-B5CC-9F5BA79A0A9B}.Debug|x64.ActiveCfg = Debug|x64
		{080D9051-AF78-4B2A-B5CC-9F5BA79A0A9B}.Debug|x64.Build.0 = Debug|x64
		{080D9051-AF78-4B2A-B5CC-9F5BA79A0A9B}.Debug|x64.Deploy.0 = Debug|x64
		{080D9051-AF78-4B2A-B5CC-9F5BA79A0A9B}.Debug|x86.ActiveCfg = Debug|x86
		{080D9051-AF78-4B2A-B5CC-9F5BA79A0A9B}.Debug|x86.Build.0 = Debug|x86
		{080D9051-AF78-4B2A-B5CC-9F5BA79A0A9B}.Debug|x86.Deploy.0 = Debug|x86
		{080D9051-AF78-4B2A-B5CC-9F5BA79A0A9B}.Release|x64.ActiveCfg = Release|x64
		{080D9051-AF78-4B2A-B5CC-9F5BA79A0A9B}.Release|x64.Build.0 = Release|x64
		{080D9051-AF78-4B2A-B5CC-9F5BA79A0A9B}.Release|x64.Deploy.0 = Release|x64
		{080D9051-AF78-4B2A-B5CC-9F5BA79A0A9B}.Release|x86.ActiveCfg = Release|x86
		{080D9051-AF78-4B2A-B5CC-9F5BA79A0A9B}.Release|x86.Build.0 = Release|x86
		{080D9051-AF78-4B2A-B5CC-9F5BA79A0A9B}.Release|x86.Deploy.0 = Release|x86
		{6B799403-7548-4FD8-9AF8-76BD13473029}.Debug|x64.ActiveCfg = Debug|x64
		{6B799403-7548-4FD8-9AF8-76BD13473029}.Debug|x64.Build.0 = Debug|x64
		{6B799403-7548-4FD8-9AF8-76BD13473029}.Debug|x86.ActiveCfg = Debug|x86
		{6B799403-7548-4FD8-9AF8-76BD13473029}.Debug|x86.Build.0 = Debug|x86
		{6B799403-7548-4FD8-9AF8-76BD13473029}.Release|x64.ActiveCfg = Release|x64
		{6B799403-7548-4FD8-9AF8-76BD13473029}.Release|x64.Build.0 = Release|x64
		{6B799403-7548-4FD8-9AF8-76BD13473029}.Release|x86.ActiveCfg = Release|x86
		{6B799403-7548-4FD8-9AF8-76BD13473029}.Release|x86.Build.0 = Release|x86
		{A78E8601-3191-4987-B61A-E48256869A39}.Debug|x64.ActiveCfg = Debug|x64
		{A78E8601-3191-4987-B61A-E48256869A39}.Debug|x64.Build.0 = Debug|x64
		{A78E8601-3191-4987-B61A-E48256869A39}.Debug|x86.ActiveCfg = Debug|Win32
		{A78E8601-3191-4987-B61A-E48256869A39}.Debug|x86.Build.0 = Debug|Win32
		{A78E8601-3191-4987-B61A-E48256869A39}.Release|x64.ActiveCfg = Release|x64
		{A78E8601-3191-4987-B61A-E48256869A39}.Release|x64.Build.0 = Release|x64
		{A78E8601-3191-4987-B61A-E48256869A39}.Release|x86.ActiveCfg = Release|Win32
		{A78E8601-3191-4987-B61A-E48256869A39}.Release|x86.Build.0 = Release|Win32
		{8FFAA094-2D9C-49B5-BB36-4B2BB7512444}.Debug|x64.ActiveCfg = Debug|x64
		{8FFAA094-2D9C-49B5-BB36-4B2BB7512444}.Debug|x64.Build.0 = Debug|x64
		{8FFAA094-2D9C-49B5-BB36-4B2BB7512444}.Debug|x86.ActiveCfg = Debug|x86
		{8FFAA094-2D9C-49B5-BB36-4B2BB7512444}.Debug|x86.Build.0 = Debug|x86
		{8FFAA094-2D9C-49B5-BB36-4B2BB7512444}.Release|x64.ActiveCfg = Release|x64
		{8FFAA094-2D9C-49B5-BB36-4B2BB7512444}.Release|x64.Build.0 = Release|x64
		{8FFAA094-2D9C-49B5-BB36-4B2BB7512444}.Release|x86.ActiveCfg = Release|x86
		{8FFAA094-2D9C-49B5-BB36-4B2BB7512444}.Release|x86.Build.0 = Release|x86
		{F37FE3DF-B23B-44C7-A3C1-1E4F20885DB3}.Debug|x64.ActiveCfg = Debug|x64
		{F37FE3DF-B23B-44C7-A3C1-1E4F20885DB3}.Debug|x64.Build.0 = Debug|x64
		{F37FE3DF-B23B-44C7-A3C1-1E4F20885DB3}.Debug|x86.ActiveCfg = Debug|x86
		{F37FE3DF-B23B-44C7-A3C1-1E4F20885DB3}.Debug|x86.Build.0 = Debug|x86
		{F37FE3DF-B23B-44C7-A3C1-1E4F20885DB3}.Release|x64.ActiveCfg = Release|x64
		{F37FE3DF-B23B-44C7-A3C1-1E4F20885DB3}.Release|x64.Build.0 = Release|x64
		{F37FE3DF-B23B-44C7-A3C1-1E4F20885DB3}.Release|x86.ActiveCfg = Release|x86
		{F37FE3DF-B23B-44C7-A3C1-1E4F20885DB3}.Release|x86.Build.0 = Release|x86
	EndGlobalSection
	GlobalSection(SolutionProperties) = preSolution
		HideSolutionNode = FALSE
	EndGlobalSection
	GlobalSection(NestedProjects) = preSolution
		{F09FEFE0-ED5E-4A17-9C54-DB6C1CD559E9} = {E1670C4F-46C0-45BE-A351-E504DCB17A45}
		{7E420EEB-3D6C-49FB-9E60-AE448BAC8B1F} = {CB701FA8-9663-444D-9610-1A8CDFF30E61}
		{AEAC1534-6CA9-4A7E-9F24-E1F72D261AE4} = {CB701FA8-9663-444D-9610-1A8CDFF30E61}
		{1C27B092-88C3-4631-848B-F7165F8CF5E9} = {CB701FA8-9663-444D-9610-1A8CDFF30E61}
		{080D9051-AF78-4B2A-B5CC-9F5BA79A0A9B} = {CB701FA8-9663-444D-9610-1A8CDFF30E61}
		{6B799403-7548-4FD8-9AF8-76BD13473029} = {CB701FA8-9663-444D-9610-1A8CDFF30E61}
		{A78E8601-3191-4987-B61A-E48256869A39} = {CB701FA8-9663-444D-9610-1A8CDFF30E61}
		{8FFAA094-2D9C-49B5-BB36-4B2BB7512444} = {CB701FA8-9663-444D-9610-1A8CDFF30E61}
		{F37FE3DF-B23B-44C7-A3C1-1E4F20885DB3} = {CB701FA8-9663-444D-9610-1A8CDFF30E61}
	EndGlobalSection
	GlobalSection(ExtensibilityGlobals) = postSolution
		SolutionGuid = {97F14D53-B029-4E3E-B7DE-51A510B2D428}
	EndGlobalSection
EndGlobal
